// !$*UTF8*$!
{
	archiveVersion = 1;
	classes = {
	};
	objectVersion = 50;
	objects = {

/* Begin PBXBuildFile section */
		3DB59A8A20D49FBB0014F2A6 /* Store.swift in Sources */ = {isa = PBXBuildFile; fileRef = 3DB59A8920D49FBB0014F2A6 /* Store.swift */; };
		3DEAE5B920D477300085E82C /* AppDelegate.swift in Sources */ = {isa = PBXBuildFile; fileRef = 3DEAE5B820D477300085E82C /* AppDelegate.swift */; };
		3DEAE5BB20D477300085E82C /* ViewController.swift in Sources */ = {isa = PBXBuildFile; fileRef = 3DEAE5BA20D477300085E82C /* ViewController.swift */; };
		3DEAE5C320D477300085E82C /* LaunchScreen.storyboard in Resources */ = {isa = PBXBuildFile; fileRef = 3DEAE5C120D477300085E82C /* LaunchScreen.storyboard */; };
		4232BD19E7E6F9531094CFE4 /* Pods_Find_It.framework in Frameworks */ = {isa = PBXBuildFile; fileRef = E738CF9632A2F4CC38BBA899 /* Pods_Find_It.framework */; };
		BA08C39F20E9641800FF6FBD /* Peticion.swift in Sources */ = {isa = PBXBuildFile; fileRef = BA08C39E20E9641800FF6FBD /* Peticion.swift */; };
		BA08C3A220E96CF900FF6FBD /* Ubicacion.swift in Sources */ = {isa = PBXBuildFile; fileRef = BA08C3A120E96CF900FF6FBD /* Ubicacion.swift */; };
		BA47D21F20E0730400088350 /* Location.swift in Sources */ = {isa = PBXBuildFile; fileRef = BA47D21E20E0730400088350 /* Location.swift */; };
		BA47D22120E0735300088350 /* ProductStore.swift in Sources */ = {isa = PBXBuildFile; fileRef = BA47D22020E0735300088350 /* ProductStore.swift */; };
		BA47D22320E0747300088350 /* Product.swift in Sources */ = {isa = PBXBuildFile; fileRef = BA47D22220E0747300088350 /* Product.swift */; };
		BA47D22520E0764000088350 /* PeticionProducto.swift in Sources */ = {isa = PBXBuildFile; fileRef = BA47D22420E0764000088350 /* PeticionProducto.swift */; };
		BADABCA120F862DB00D1A725 /* Main.storyboard in Resources */ = {isa = PBXBuildFile; fileRef = 3DEAE5BC20D477300085E82C /* Main.storyboard */; };
		BADABCA320F8641700D1A725 /* Assets.xcassets in Resources */ = {isa = PBXBuildFile; fileRef = BAE6871620F1671A00059B43 /* Assets.xcassets */; };
		BADC796020FC13A3004B1197 /* UbicacionViewController.swift in Sources */ = {isa = PBXBuildFile; fileRef = BADC795F20FC13A3004B1197 /* UbicacionViewController.swift */; };
		BAF3943020F5B70B00E6750B /* CollectionViewCell.swift in Sources */ = {isa = PBXBuildFile; fileRef = BAF3942F20F5B70B00E6750B /* CollectionViewCell.swift */; };
/* End PBXBuildFile section */

/* Begin PBXFileReference section */
		1464F8F5E049F6591557974B /* Pods-Find It.release.xcconfig */ = {isa = PBXFileReference; includeInIndex = 1; lastKnownFileType = text.xcconfig; name = "Pods-Find It.release.xcconfig"; path = "Pods/Target Support Files/Pods-Find It/Pods-Find It.release.xcconfig"; sourceTree = "<group>"; };
		3DB59A8920D49FBB0014F2A6 /* Store.swift */ = {isa = PBXFileReference; lastKnownFileType = sourcecode.swift; path = Store.swift; sourceTree = "<group>"; };
		3DEAE5B520D477300085E82C /* Find It.app */ = {isa = PBXFileReference; explicitFileType = wrapper.application; includeInIndex = 0; path = "Find It.app"; sourceTree = BUILT_PRODUCTS_DIR; };
		3DEAE5B820D477300085E82C /* AppDelegate.swift */ = {isa = PBXFileReference; lastKnownFileType = sourcecode.swift; path = AppDelegate.swift; sourceTree = "<group>"; };
		3DEAE5BA20D477300085E82C /* ViewController.swift */ = {isa = PBXFileReference; lastKnownFileType = sourcecode.swift; path = ViewController.swift; sourceTree = "<group>"; };
		3DEAE5BD20D477300085E82C /* Base */ = {isa = PBXFileReference; lastKnownFileType = file.storyboard; name = Base; path = Base.lproj/Main.storyboard; sourceTree = "<group>"; };
		3DEAE5C220D477300085E82C /* Base */ = {isa = PBXFileReference; lastKnownFileType = file.storyboard; name = Base; path = Base.lproj/LaunchScreen.storyboard; sourceTree = "<group>"; };
		3DEAE5C420D477300085E82C /* Info.plist */ = {isa = PBXFileReference; lastKnownFileType = text.plist.xml; path = Info.plist; sourceTree = "<group>"; };
		6567BEDD71C0B2FDABD3374C /* Pods-Find It.debug.xcconfig */ = {isa = PBXFileReference; includeInIndex = 1; lastKnownFileType = text.xcconfig; name = "Pods-Find It.debug.xcconfig"; path = "Pods/Target Support Files/Pods-Find It/Pods-Find It.debug.xcconfig"; sourceTree = "<group>"; };
		BA08C39E20E9641800FF6FBD /* Peticion.swift */ = {isa = PBXFileReference; lastKnownFileType = sourcecode.swift; path = Peticion.swift; sourceTree = "<group>"; };
		BA08C3A120E96CF900FF6FBD /* Ubicacion.swift */ = {isa = PBXFileReference; lastKnownFileType = sourcecode.swift; path = Ubicacion.swift; sourceTree = "<group>"; };
		BA47D21E20E0730400088350 /* Location.swift */ = {isa = PBXFileReference; lastKnownFileType = sourcecode.swift; path = Location.swift; sourceTree = "<group>"; };
		BA47D22020E0735300088350 /* ProductStore.swift */ = {isa = PBXFileReference; lastKnownFileType = sourcecode.swift; path = ProductStore.swift; sourceTree = "<group>"; };
		BA47D22220E0747300088350 /* Product.swift */ = {isa = PBXFileReference; lastKnownFileType = sourcecode.swift; path = Product.swift; sourceTree = "<group>"; };
		BA47D22420E0764000088350 /* PeticionProducto.swift */ = {isa = PBXFileReference; lastKnownFileType = sourcecode.swift; path = PeticionProducto.swift; sourceTree = "<group>"; };
		BADC795F20FC13A3004B1197 /* UbicacionViewController.swift */ = {isa = PBXFileReference; lastKnownFileType = sourcecode.swift; path = UbicacionViewController.swift; sourceTree = "<group>"; };
		BAE6871620F1671A00059B43 /* Assets.xcassets */ = {isa = PBXFileReference; lastKnownFileType = folder.assetcatalog; name = Assets.xcassets; path = "/Users/oscaralmazanlora/Documents/Diplomado/ProyectoFinal/Find-It/Find It/Assets.xcassets"; sourceTree = "<absolute>"; };
		BAF3942F20F5B70B00E6750B /* CollectionViewCell.swift */ = {isa = PBXFileReference; lastKnownFileType = sourcecode.swift; path = CollectionViewCell.swift; sourceTree = "<group>"; };
		E738CF9632A2F4CC38BBA899 /* Pods_Find_It.framework */ = {isa = PBXFileReference; explicitFileType = wrapper.framework; includeInIndex = 0; path = Pods_Find_It.framework; sourceTree = BUILT_PRODUCTS_DIR; };
/* End PBXFileReference section */

/* Begin PBXFrameworksBuildPhase section */
		3DEAE5B220D477300085E82C /* Frameworks */ = {
			isa = PBXFrameworksBuildPhase;
			buildActionMask = 2147483647;
			files = (
				4232BD19E7E6F9531094CFE4 /* Pods_Find_It.framework in Frameworks */,
			);
			runOnlyForDeploymentPostprocessing = 0;
		};
/* End PBXFrameworksBuildPhase section */

/* Begin PBXGroup section */
		3DB59A8820D49F8D0014F2A6 /* Models */ = {
			isa = PBXGroup;
			children = (
				3DB59A8920D49FBB0014F2A6 /* Store.swift */,
				BA47D21E20E0730400088350 /* Location.swift */,
				BA47D22020E0735300088350 /* ProductStore.swift */,
				BA47D22220E0747300088350 /* Product.swift */,
				BA47D22420E0764000088350 /* PeticionProducto.swift */,
			);
			path = Models;
			sourceTree = "<group>";
		};
		3DEAE5AC20D4772F0085E82C = {
			isa = PBXGroup;
			children = (
				3DEAE5B720D477300085E82C /* Find It */,
				3DEAE5B620D477300085E82C /* Products */,
				5A095493E0262A79D9EF418C /* Pods */,
				AD7C075AF58A55DBFD292332 /* Frameworks */,
			);
			sourceTree = "<group>";
		};
		3DEAE5B620D477300085E82C /* Products */ = {
			isa = PBXGroup;
			children = (
				3DEAE5B520D477300085E82C /* Find It.app */,
			);
			name = Products;
			sourceTree = "<group>";
		};
		3DEAE5B720D477300085E82C /* Find It */ = {
			isa = PBXGroup;
			children = (
				BA08C3A020E96B5400FF6FBD /* Clases */,
				3DB59A8820D49F8D0014F2A6 /* Models */,
				3DEAE5CC20D47BB60085E82C /* Controllers */,
				3DEAE5B820D477300085E82C /* AppDelegate.swift */,
				3DEAE5BC20D477300085E82C /* Main.storyboard */,
				BAE6871620F1671A00059B43 /* Assets.xcassets */,
				3DEAE5C120D477300085E82C /* LaunchScreen.storyboard */,
				3DEAE5C420D477300085E82C /* Info.plist */,
			);
			path = "Find It";
			sourceTree = "<group>";
		};
		3DEAE5CC20D47BB60085E82C /* Controllers */ = {
			isa = PBXGroup;
			children = (
				3DEAE5BA20D477300085E82C /* ViewController.swift */,
				BAF3942F20F5B70B00E6750B /* CollectionViewCell.swift */,
				BADC795F20FC13A3004B1197 /* UbicacionViewController.swift */,
			);
			path = Controllers;
			sourceTree = "<group>";
		};
		5A095493E0262A79D9EF418C /* Pods */ = {
			isa = PBXGroup;
			children = (
				6567BEDD71C0B2FDABD3374C /* Pods-Find It.debug.xcconfig */,
				1464F8F5E049F6591557974B /* Pods-Find It.release.xcconfig */,
			);
			name = Pods;
			sourceTree = "<group>";
		};
		AD7C075AF58A55DBFD292332 /* Frameworks */ = {
			isa = PBXGroup;
			children = (
				E738CF9632A2F4CC38BBA899 /* Pods_Find_It.framework */,
			);
			name = Frameworks;
			sourceTree = "<group>";
		};
		BA08C3A020E96B5400FF6FBD /* Clases */ = {
			isa = PBXGroup;
			children = (
				BA08C39E20E9641800FF6FBD /* Peticion.swift */,
				BA08C3A120E96CF900FF6FBD /* Ubicacion.swift */,
			);
			path = Clases;
			sourceTree = "<group>";
		};
/* End PBXGroup section */

/* Begin PBXNativeTarget section */
		3DEAE5B420D477300085E82C /* Find It */ = {
			isa = PBXNativeTarget;
			buildConfigurationList = 3DEAE5C720D477300085E82C /* Build configuration list for PBXNativeTarget "Find It" */;
			buildPhases = (
				9C471D92C98F314AE59EBC1D /* [CP] Check Pods Manifest.lock */,
				3DEAE5B120D477300085E82C /* Sources */,
				3DEAE5B220D477300085E82C /* Frameworks */,
				3DEAE5B320D477300085E82C /* Resources */,
				D6C94FEEDD1D003B680119DF /* [CP] Embed Pods Frameworks */,
			);
			buildRules = (
			);
			dependencies = (
			);
			name = "Find It";
			productName = "Find It";
			productReference = 3DEAE5B520D477300085E82C /* Find It.app */;
			productType = "com.apple.product-type.application";
		};
/* End PBXNativeTarget section */

/* Begin PBXProject section */
		3DEAE5AD20D4772F0085E82C /* Project object */ = {
			isa = PBXProject;
			attributes = {
				LastSwiftUpdateCheck = 0940;
				LastUpgradeCheck = 0940;
				ORGANIZATIONNAME = d182_oscar_a;
				TargetAttributes = {
					3DEAE5B420D477300085E82C = {
						CreatedOnToolsVersion = 9.4;
					};
				};
			};
			buildConfigurationList = 3DEAE5B020D4772F0085E82C /* Build configuration list for PBXProject "Find It" */;
			compatibilityVersion = "Xcode 9.3";
			developmentRegion = en;
			hasScannedForEncodings = 0;
			knownRegions = (
				en,
				Base,
			);
			mainGroup = 3DEAE5AC20D4772F0085E82C;
			productRefGroup = 3DEAE5B620D477300085E82C /* Products */;
			projectDirPath = "";
			projectRoot = "";
			targets = (
				3DEAE5B420D477300085E82C /* Find It */,
			);
		};
/* End PBXProject section */

/* Begin PBXResourcesBuildPhase section */
		3DEAE5B320D477300085E82C /* Resources */ = {
			isa = PBXResourcesBuildPhase;
			buildActionMask = 2147483647;
			files = (
				3DEAE5C320D477300085E82C /* LaunchScreen.storyboard in Resources */,
				BADABCA320F8641700D1A725 /* Assets.xcassets in Resources */,
				BADABCA120F862DB00D1A725 /* Main.storyboard in Resources */,
			);
			runOnlyForDeploymentPostprocessing = 0;
		};
/* End PBXResourcesBuildPhase section */

/* Begin PBXShellScriptBuildPhase section */
		9C471D92C98F314AE59EBC1D /* [CP] Check Pods Manifest.lock */ = {
			isa = PBXShellScriptBuildPhase;
			buildActionMask = 2147483647;
			files = (
			);
			inputPaths = (
				"${PODS_PODFILE_DIR_PATH}/Podfile.lock",
				"${PODS_ROOT}/Manifest.lock",
			);
			name = "[CP] Check Pods Manifest.lock";
			outputPaths = (
				"$(DERIVED_FILE_DIR)/Pods-Find It-checkManifestLockResult.txt",
			);
			runOnlyForDeploymentPostprocessing = 0;
			shellPath = /bin/sh;
			shellScript = "diff \"${PODS_PODFILE_DIR_PATH}/Podfile.lock\" \"${PODS_ROOT}/Manifest.lock\" > /dev/null\nif [ $? != 0 ] ; then\n    # print error to STDERR\n    echo \"error: The sandbox is not in sync with the Podfile.lock. Run 'pod install' or update your CocoaPods installation.\" >&2\n    exit 1\nfi\n# This output is used by Xcode 'outputs' to avoid re-running this script phase.\necho \"SUCCESS\" > \"${SCRIPT_OUTPUT_FILE_0}\"\n";
			showEnvVarsInLog = 0;
		};
		D6C94FEEDD1D003B680119DF /* [CP] Embed Pods Frameworks */ = {
			isa = PBXShellScriptBuildPhase;
			buildActionMask = 2147483647;
			files = (
			);
			inputPaths = (
				"${SRCROOT}/Pods/Target Support Files/Pods-Find It/Pods-Find It-frameworks.sh",
				"${BUILT_PRODUCTS_DIR}/Alamofire/Alamofire.framework",
			);
			name = "[CP] Embed Pods Frameworks";
			outputPaths = (
				"${TARGET_BUILD_DIR}/${FRAMEWORKS_FOLDER_PATH}/Alamofire.framework",
			);
			runOnlyForDeploymentPostprocessing = 0;
			shellPath = /bin/sh;
			shellScript = "\"${SRCROOT}/Pods/Target Support Files/Pods-Find It/Pods-Find It-frameworks.sh\"\n";
			showEnvVarsInLog = 0;
		};
/* End PBXShellScriptBuildPhase section */

/* Begin PBXSourcesBuildPhase section */
		3DEAE5B120D477300085E82C /* Sources */ = {
			isa = PBXSourcesBuildPhase;
			buildActionMask = 2147483647;
			files = (
				BA47D22520E0764000088350 /* PeticionProducto.swift in Sources */,
				BA47D22120E0735300088350 /* ProductStore.swift in Sources */,
				3DEAE5BB20D477300085E82C /* ViewController.swift in Sources */,
				BADC796020FC13A3004B1197 /* UbicacionViewController.swift in Sources */,
				3DB59A8A20D49FBB0014F2A6 /* Store.swift in Sources */,
				BA08C39F20E9641800FF6FBD /* Peticion.swift in Sources */,
				BA47D21F20E0730400088350 /* Location.swift in Sources */,
				BA08C3A220E96CF900FF6FBD /* Ubicacion.swift in Sources */,
				3DEAE5B920D477300085E82C /* AppDelegate.swift in Sources */,
				BA47D22320E0747300088350 /* Product.swift in Sources */,
				BAF3943020F5B70B00E6750B /* CollectionViewCell.swift in Sources */,
			);
			runOnlyForDeploymentPostprocessing = 0;
		};
/* End PBXSourcesBuildPhase section */

/* Begin PBXVariantGroup section */
		3DEAE5BC20D477300085E82C /* Main.storyboard */ = {
			isa = PBXVariantGroup;
			children = (
				3DEAE5BD20D477300085E82C /* Base */,
			);
			name = Main.storyboard;
			sourceTree = "<group>";
		};
		3DEAE5C120D477300085E82C /* LaunchScreen.storyboard */ = {
			isa = PBXVariantGroup;
			children = (
				3DEAE5C220D477300085E82C /* Base */,
			);
			name = LaunchScreen.storyboard;
			sourceTree = "<group>";
		};
/* End PBXVariantGroup section */

/* Begin XCBuildConfiguration section */
		3DEAE5C520D477300085E82C /* Debug */ = {
			isa = XCBuildConfiguration;
			buildSettings = {
				ALWAYS_SEARCH_USER_PATHS = NO;
				CLANG_ANALYZER_NONNULL = YES;
				CLANG_ANALYZER_NUMBER_OBJECT_CONVERSION = YES_AGGRESSIVE;
				CLANG_CXX_LANGUAGE_STANDARD = "gnu++14";
				CLANG_CXX_LIBRARY = "libc++";
				CLANG_ENABLE_MODULES = YES;
				CLANG_ENABLE_OBJC_ARC = YES;
				CLANG_ENABLE_OBJC_WEAK = YES;
				CLANG_WARN_BLOCK_CAPTURE_AUTORELEASING = YES;
				CLANG_WARN_BOOL_CONVERSION = YES;
				CLANG_WARN_COMMA = YES;
				CLANG_WARN_CONSTANT_CONVERSION = YES;
				CLANG_WARN_DEPRECATED_OBJC_IMPLEMENTATIONS = YES;
				CLANG_WARN_DIRECT_OBJC_ISA_USAGE = YES_ERROR;
				CLANG_WARN_DOCUMENTATION_COMMENTS = YES;
				CLANG_WARN_EMPTY_BODY = YES;
				CLANG_WARN_ENUM_CONVERSION = YES;
				CLANG_WARN_INFINITE_RECURSION = YES;
				CLANG_WARN_INT_CONVERSION = YES;
				CLANG_WARN_NON_LITERAL_NULL_CONVERSION = YES;
				CLANG_WARN_OBJC_IMPLICIT_RETAIN_SELF = YES;
				CLANG_WARN_OBJC_LITERAL_CONVERSION = YES;
				CLANG_WARN_OBJC_ROOT_CLASS = YES_ERROR;
				CLANG_WARN_RANGE_LOOP_ANALYSIS = YES;
				CLANG_WARN_STRICT_PROTOTYPES = YES;
				CLANG_WARN_SUSPICIOUS_MOVE = YES;
				CLANG_WARN_UNGUARDED_AVAILABILITY = YES_AGGRESSIVE;
				CLANG_WARN_UNREACHABLE_CODE = YES;
				CLANG_WARN__DUPLICATE_METHOD_MATCH = YES;
				CODE_SIGN_IDENTITY = "iPhone Developer";
				COPY_PHASE_STRIP = NO;
				DEBUG_INFORMATION_FORMAT = dwarf;
				ENABLE_STRICT_OBJC_MSGSEND = YES;
				ENABLE_TESTABILITY = YES;
				GCC_C_LANGUAGE_STANDARD = gnu11;
				GCC_DYNAMIC_NO_PIC = NO;
				GCC_NO_COMMON_BLOCKS = YES;
				GCC_OPTIMIZATION_LEVEL = 0;
				GCC_PREPROCESSOR_DEFINITIONS = (
					"DEBUG=1",
					"$(inherited)",
				);
				GCC_WARN_64_TO_32_BIT_CONVERSION = YES;
				GCC_WARN_ABOUT_RETURN_TYPE = YES_ERROR;
				GCC_WARN_UNDECLARED_SELECTOR = YES;
				GCC_WARN_UNINITIALIZED_AUTOS = YES_AGGRESSIVE;
				GCC_WARN_UNUSED_FUNCTION = YES;
				GCC_WARN_UNUSED_VARIABLE = YES;
				IPHONEOS_DEPLOYMENT_TARGET = 10.3;
				MTL_ENABLE_DEBUG_INFO = YES;
				ONLY_ACTIVE_ARCH = YES;
				SDKROOT = iphoneos;
				SWIFT_ACTIVE_COMPILATION_CONDITIONS = DEBUG;
				SWIFT_OPTIMIZATION_LEVEL = "-Onone";
			};
			name = Debug;
		};
		3DEAE5C620D477300085E82C /* Release */ = {
			isa = XCBuildConfiguration;
			buildSettings = {
				ALWAYS_SEARCH_USER_PATHS = NO;
				CLANG_ANALYZER_NONNULL = YES;
				CLANG_ANALYZER_NUMBER_OBJECT_CONVERSION = YES_AGGRESSIVE;
				CLANG_CXX_LANGUAGE_STANDARD = "gnu++14";
				CLANG_CXX_LIBRARY = "libc++";
				CLANG_ENABLE_MODULES = YES;
				CLANG_ENABLE_OBJC_ARC = YES;
				CLANG_ENABLE_OBJC_WEAK = YES;
				CLANG_WARN_BLOCK_CAPTURE_AUTORELEASING = YES;
				CLANG_WARN_BOOL_CONVERSION = YES;
				CLANG_WARN_COMMA = YES;
				CLANG_WARN_CONSTANT_CONVERSION = YES;
				CLANG_WARN_DEPRECATED_OBJC_IMPLEMENTATIONS = YES;
				CLANG_WARN_DIRECT_OBJC_ISA_USAGE = YES_ERROR;
				CLANG_WARN_DOCUMENTATION_COMMENTS = YES;
				CLANG_WARN_EMPTY_BODY = YES;
				CLANG_WARN_ENUM_CONVERSION = YES;
				CLANG_WARN_INFINITE_RECURSION = YES;
				CLANG_WARN_INT_CONVERSION = YES;
				CLANG_WARN_NON_LITERAL_NULL_CONVERSION = YES;
				CLANG_WARN_OBJC_IMPLICIT_RETAIN_SELF = YES;
				CLANG_WARN_OBJC_LITERAL_CONVERSION = YES;
				CLANG_WARN_OBJC_ROOT_CLASS = YES_ERROR;
				CLANG_WARN_RANGE_LOOP_ANALYSIS = YES;
				CLANG_WARN_STRICT_PROTOTYPES = YES;
				CLANG_WARN_SUSPICIOUS_MOVE = YES;
				CLANG_WARN_UNGUARDED_AVAILABILITY = YES_AGGRESSIVE;
				CLANG_WARN_UNREACHABLE_CODE = YES;
				CLANG_WARN__DUPLICATE_METHOD_MATCH = YES;
				CODE_SIGN_IDENTITY = "iPhone Developer";
				COPY_PHASE_STRIP = NO;
				DEBUG_INFORMATION_FORMAT = "dwarf-with-dsym";
				ENABLE_NS_ASSERTIONS = NO;
				ENABLE_STRICT_OBJC_MSGSEND = YES;
				GCC_C_LANGUAGE_STANDARD = gnu11;
				GCC_NO_COMMON_BLOCKS = YES;
				GCC_WARN_64_TO_32_BIT_CONVERSION = YES;
				GCC_WARN_ABOUT_RETURN_TYPE = YES_ERROR;
				GCC_WARN_UNDECLARED_SELECTOR = YES;
				GCC_WARN_UNINITIALIZED_AUTOS = YES_AGGRESSIVE;
				GCC_WARN_UNUSED_FUNCTION = YES;
				GCC_WARN_UNUSED_VARIABLE = YES;
				IPHONEOS_DEPLOYMENT_TARGET = 10.3;
				MTL_ENABLE_DEBUG_INFO = NO;
				SDKROOT = iphoneos;
				SWIFT_COMPILATION_MODE = wholemodule;
				SWIFT_OPTIMIZATION_LEVEL = "-O";
				VALIDATE_PRODUCT = YES;
			};
			name = Release;
		};
		3DEAE5C820D477300085E82C /* Debug */ = {
			isa = XCBuildConfiguration;
			baseConfigurationReference = 6567BEDD71C0B2FDABD3374C /* Pods-Find It.debug.xcconfig */;
			buildSettings = {
				ASSETCATALOG_COMPILER_APPICON_NAME = AppIcon;
				CODE_SIGN_STYLE = Automatic;
				DEVELOPMENT_TEAM = L2UZHG2X4B;
				INFOPLIST_FILE = "Find It/Info.plist";
				IPHONEOS_DEPLOYMENT_TARGET = 10.3;
				LD_RUNPATH_SEARCH_PATHS = (
					"$(inherited)",
					"@executable_path/Frameworks",
				);
				PRODUCT_BUNDLE_IDENTIFIER = "com.diplomado.Find-It";
				PRODUCT_NAME = "$(TARGET_NAME)";
				SWIFT_VERSION = 4.0;
				TARGETED_DEVICE_FAMILY = 1;
			};
			name = Debug;
		};
		3DEAE5C920D477300085E82C /* Release */ = {
			isa = XCBuildConfiguration;
			baseConfigurationReference = 1464F8F5E049F6591557974B /* Pods-Find It.release.xcconfig */;
			buildSettings = {
				ASSETCATALOG_COMPILER_APPICON_NAME = AppIcon;
				CODE_SIGN_STYLE = Automatic;
				DEVELOPMENT_TEAM = L2UZHG2X4B;
				INFOPLIST_FILE = "Find It/Info.plist";
				IPHONEOS_DEPLOYMENT_TARGET = 10.3;
				LD_RUNPATH_SEARCH_PATHS = (
					"$(inherited)",
					"@executable_path/Frameworks",
				);
				PRODUCT_BUNDLE_IDENTIFIER = "com.diplomado.Find-It";
				PRODUCT_NAME = "$(TARGET_NAME)";
				SWIFT_VERSION = 4.0;
				TARGETED_DEVICE_FAMILY = 1;
			};
			name = Release;
		};
/* End XCBuildConfiguration section */

/* Begin XCConfigurationList section */
		3DEAE5B020D4772F0085E82C /* Build configuration list for PBXProject "Find It" */ = {
			isa = XCConfigurationList;
			buildConfigurations = (
				3DEAE5C520D477300085E82C /* Debug */,
				3DEAE5C620D477300085E82C /* Release */,
			);
			defaultConfigurationIsVisible = 0;
			defaultConfigurationName = Release;
		};
		3DEAE5C720D477300085E82C /* Build configuration list for PBXNativeTarget "Find It" */ = {
			isa = XCConfigurationList;
			buildConfigurations = (
				3DEAE5C820D477300085E82C /* Debug */,
				3DEAE5C920D477300085E82C /* Release */,
			);
			defaultConfigurationIsVisible = 0;
			defaultConfigurationName = Release;
		};
/* End XCConfigurationList section */
	};
	rootObject = 3DEAE5AD20D4772F0085E82C /* Project object */;
}
